<?xml version="1.0" encoding="utf-8"?>
<Project ToolsVersion="4.0" xmlns="http://schemas.microsoft.com/developer/msbuild/2003">
  <ItemGroup>
    <ClCompile Include="main.cpp" />
    <ClCompile Include="..\..\..\backwards_headers\ILuaModuleManager.cpp">
      <Filter>Backwards</Filter>
    </ClCompile>
    <ClCompile Include="..\..\..\backwards_headers\ILuaObject.cpp">
      <Filter>Backwards</Filter>
    </ClCompile>
    <ClCompile Include="..\..\..\backwards_headers\ILuaInterface.cpp">
      <Filter>Backwards</Filter>
    </ClCompile>
  </ItemGroup>
  <ItemGroup>
    <Filter Include="Header Files">
      <UniqueIdentifier>{36bff47d-13cd-4a7c-8379-c7b97ca1b5c0}</UniqueIdentifier>
    </Filter>
    <Filter Include="Header Files\Backwards">
      <UniqueIdentifier>{90f8d4d2-69d0-47eb-9506-74ccbc483b77}</UniqueIdentifier>
    </Filter>
    <Filter Include="Backwards">
      <UniqueIdentifier>{e1f5e63c-59ee-4858-a95b-d023df8194ec}</UniqueIdentifier>
    </Filter>
  </ItemGroup>
  <ItemGroup>
    <ClInclude Include="..\..\..\backwards_headers\ILuaInterface.h">
      <Filter>Header Files\Backwards</Filter>
    </ClInclude>
    <ClInclude Include="..\..\..\backwards_headers\ILuaModuleManager.h">
      <Filter>Header Files\Backwards</Filter>
    </ClInclude>
    <ClInclude Include="..\..\..\backwards_headers\ILuaObject.h">
      <Filter>Header Files\Backwards</Filter>
    </ClInclude>
    <ClInclude Include="..\..\..\backwards_headers\ILuaTable.h">
      <Filter>Header Files\Backwards</Filter>
    </ClInclude>
    <ClInclude Include="..\..\..\backwards_headers\Interface.h">
      <Filter>Header Files\Backwards</Filter>
    </ClInclude>
    <ClInclude Include="..\..\..\backwards_headers\LuaBase.h">
      <Filter>Header Files\Backwards</Filter>
    </ClInclude>
    <ClInclude Include="..\..\..\backwards_headers\Types.h">
      <Filter>Header Files\Backwards</Filter>
    </ClInclude>
    <ClInclude Include="..\..\..\backwards_headers\UserData.h">
      <Filter>Header Files\Backwards</Filter>
    </ClInclude>
  </ItemGroup>
</Project>