
Microsoft Visual Studio Solution File, Format Version 11.00
# Visual C++ Express 2010
Project("{8BC9CEB8-8B4A-11D0-8D11-00A0C91BC942}") = "gmcl_hexapi", "gmcl_hexapi\gmcl_hexapi.vcxproj", "{8D4F358F-3120-40DE-A678-34B3A1F75F3D}"
EndProject
Global
	GlobalSection(SolutionConfigurationPlatforms) = preSolution
		Debug|Win32 = Debug|Win32
		Release|Win32 = Release|Win32
	EndGlobalSection
	GlobalSection(ProjectConfigurationPlatforms) = postSolution
		{8D4F358F-3120-40DE-A678-34B3A1F75F3D}.Debug|Win32.ActiveCfg = Debug|Win32
		{8D4F358F-3120-40DE-A678-34B3A1F75F3D}.Debug|Win32.Build.0 = Debug|Win32
		{8D4F358F-3120-40DE-A678-34B3A1F75F3D}.Release|Win32.ActiveCfg = Release|Win32
		{8D4F358F-3120-40DE-A678-34B3A1F75F3D}.Release|Win32.Build.0 = Release|Win32
	EndGlobalSection
	GlobalSection(SolutionProperties) = preSolution
		HideSolutionNode = FALSE
	EndGlobalSection
EndGlobal
